
Microsoft Visual Studio Solution File, Format Version 12.00
# Visual Studio Version 17
VisualStudioVersion = 17.0.32014.148
MinimumVisualStudioVersion = 10.0.40219.1
Project("{FAE04EC0-301F-11D3-BF4B-00C04F79EFBC}") = "CMS-BackEnd.API", "CMS-BackEnd.API.csproj", "{4391F770-BA7F-4E0E-8BD2-F83CFDF8AD03}"
EndProject
Project("{2150E333-8FDC-42A3-9474-1A3956D46DE8}") = "Src", "Src", "{F3B48C13-C07E-4FCA-9CD9-7FC72E3B850B}"
EndProject
Project("{2150E333-8FDC-42A3-9474-1A3956D46DE8}") = "Test", "Test", "{4B1ACAB7-7E1A-49CA-A74B-7DCCCEDF0B39}"
EndProject
Project("{2150E333-8FDC-42A3-9474-1A3956D46DE8}") = "API", "API", "{072A1A25-D62E-40DD-AA50-08D530E43A92}"
EndProject
Project("{2150E333-8FDC-42A3-9474-1A3956D46DE8}") = "Core", "Core", "{2E9C0EAC-7279-43C6-AED1-43F751876A4F}"
EndProject
Project("{2150E333-8FDC-42A3-9474-1A3956D46DE8}") = "Infrastructure", "Infrastructure", "{64EA2BD4-81C5-420E-B523-5B4B48D3ECCC}"
EndProject
Project("{FAE04EC0-301F-11D3-BF4B-00C04F79EFBC}") = "CMS-BackEnd.Domain", "..\CMS-BackEnd.Domain\CMS-BackEnd.Domain.csproj", "{0C8CCB47-0F3F-4E35-869B-05A201112B90}"
EndProject
Project("{FAE04EC0-301F-11D3-BF4B-00C04F79EFBC}") = "CMS-BackEnd.Application", "..\CMS-BackEnd.Application\CMS-BackEnd.Application.csproj", "{97278DB4-5D7D-4DDB-BA92-DB83BA1073C9}"
EndProject
Global
	GlobalSection(SolutionConfigurationPlatforms) = preSolution
		Debug|Any CPU = Debug|Any CPU
		Release|Any CPU = Release|Any CPU
	EndGlobalSection
	GlobalSection(ProjectConfigurationPlatforms) = postSolution
		{4391F770-BA7F-4E0E-8BD2-F83CFDF8AD03}.Debug|Any CPU.ActiveCfg = Debug|Any CPU
		{4391F770-BA7F-4E0E-8BD2-F83CFDF8AD03}.Debug|Any CPU.Build.0 = Debug|Any CPU
		{4391F770-BA7F-4E0E-8BD2-F83CFDF8AD03}.Release|Any CPU.ActiveCfg = Release|Any CPU
		{4391F770-BA7F-4E0E-8BD2-F83CFDF8AD03}.Release|Any CPU.Build.0 = Release|Any CPU
		{0C8CCB47-0F3F-4E35-869B-05A201112B90}.Debug|Any CPU.ActiveCfg = Debug|Any CPU
		{0C8CCB47-0F3F-4E35-869B-05A201112B90}.Debug|Any CPU.Build.0 = Debug|Any CPU
		{0C8CCB47-0F3F-4E35-869B-05A201112B90}.Release|Any CPU.ActiveCfg = Release|Any CPU
		{0C8CCB47-0F3F-4E35-869B-05A201112B90}.Release|Any CPU.Build.0 = Release|Any CPU
		{97278DB4-5D7D-4DDB-BA92-DB83BA1073C9}.Debug|Any CPU.ActiveCfg = Debug|Any CPU
		{97278DB4-5D7D-4DDB-BA92-DB83BA1073C9}.Debug|Any CPU.Build.0 = Debug|Any CPU
		{97278DB4-5D7D-4DDB-BA92-DB83BA1073C9}.Release|Any CPU.ActiveCfg = Release|Any CPU
		{97278DB4-5D7D-4DDB-BA92-DB83BA1073C9}.Release|Any CPU.Build.0 = Release|Any CPU
	EndGlobalSection
	GlobalSection(SolutionProperties) = preSolution
		HideSolutionNode = FALSE
	EndGlobalSection
	GlobalSection(NestedProjects) = preSolution
		{4391F770-BA7F-4E0E-8BD2-F83CFDF8AD03} = {072A1A25-D62E-40DD-AA50-08D530E43A92}
		{072A1A25-D62E-40DD-AA50-08D530E43A92} = {F3B48C13-C07E-4FCA-9CD9-7FC72E3B850B}
		{2E9C0EAC-7279-43C6-AED1-43F751876A4F} = {F3B48C13-C07E-4FCA-9CD9-7FC72E3B850B}
		{64EA2BD4-81C5-420E-B523-5B4B48D3ECCC} = {F3B48C13-C07E-4FCA-9CD9-7FC72E3B850B}
		{0C8CCB47-0F3F-4E35-869B-05A201112B90} = {2E9C0EAC-7279-43C6-AED1-43F751876A4F}
		{97278DB4-5D7D-4DDB-BA92-DB83BA1073C9} = {2E9C0EAC-7279-43C6-AED1-43F751876A4F}
	EndGlobalSection
	GlobalSection(ExtensibilityGlobals) = postSolution
		SolutionGuid = {7B2A8D41-9626-4904-B511-5025E29D7974}
	EndGlobalSection
EndGlobal
